<?xml version="1.0" encoding="utf-8"?>
<Project ToolsVersion="4.0" xmlns="http://schemas.microsoft.com/developer/msbuild/2003">
  <ItemGroup>
    <Filter Include="Source Files">
      <UniqueIdentifier>{4FC737F1-C7A5-4376-A066-2A32D752A2FF}</UniqueIdentifier>
      <Extensions>cpp;c;cc;cxx;def;odl;idl;hpj;bat;asm;asmx</Extensions>
    </Filter>
    <Filter Include="Header Files">
      <UniqueIdentifier>{93995380-89BD-4b04-88EB-625FBE52EBFB}</UniqueIdentifier>
      <Extensions>h;hh;hpp;hxx;hm;inl;inc;xsd</Extensions>
    </Filter>
    <Filter Include="Resource Files">
      <UniqueIdentifier>{67DA6AB6-F800-4c08-8B7A-83BB121AAD01}</UniqueIdentifier>
      <Extensions>rc;ico;cur;bmp;dlg;rc2;rct;bin;rgs;gif;jpg;jpeg;jpe;resx;tiff;tif;png;wav;mfcribbon-ms</Extensions>
    </Filter>
    <Filter Include="RValueRefernces">
      <UniqueIdentifier>{6979de4d-3513-4b8b-9723-273aa097c48c}</UniqueIdentifier>
    </Filter>
    <Filter Include="Common">
      <UniqueIdentifier>{06cba0ae-3402-4efa-abca-25710be8d29b}</UniqueIdentifier>
    </Filter>
    <Filter Include="SmartPointers">
      <UniqueIdentifier>{5c6e7294-2976-4ecc-93a6-0e05e47deea7}</UniqueIdentifier>
    </Filter>
  </ItemGroup>
  <ItemGroup>
    <ClInclude Include="stdafx.h">
      <Filter>Header Files</Filter>
    </ClInclude>
    <ClInclude Include="targetver.h">
      <Filter>Header Files</Filter>
    </ClInclude>
    <ClInclude Include="MoveSemantics.h">
      <Filter>RValueRefernces</Filter>
    </ClInclude>
    <ClInclude Include="Macros.h">
      <Filter>Common</Filter>
    </ClInclude>
    <ClInclude Include="PerfectForwarding.hpp">
      <Filter>RValueRefernces</Filter>
    </ClInclude>
    <ClInclude Include="RuleOf5Resource.h">
      <Filter>Common</Filter>
    </ClInclude>
    <ClInclude Include="UniquePtrTests.hpp">
      <Filter>SmartPointers</Filter>
    </ClInclude>
    <ClInclude Include="SharedPtrTests.hpp">
      <Filter>SmartPointers</Filter>
    </ClInclude>
    <ClInclude Include="WeakPtrTests.hpp">
      <Filter>SmartPointers</Filter>
    </ClInclude>
  </ItemGroup>
  <ItemGroup>
    <ClCompile Include="stdafx.cpp">
      <Filter>Source Files</Filter>
    </ClCompile>
    <ClCompile Include="IGTK_CPP17_Features_Playground.cpp">
      <Filter>Source Files</Filter>
    </ClCompile>
    <ClCompile Include="MoveSemantics.cpp">
      <Filter>RValueRefernces</Filter>
    </ClCompile>
    <ClCompile Include="RuleOf5Resource.cpp">
      <Filter>Source Files</Filter>
    </ClCompile>
  </ItemGroup>
</Project>